
Microsoft Visual Studio Solution File, Format Version 12.00
# Visual Studio Version 17
VisualStudioVersion = 17.14.36310.24 d17.14
MinimumVisualStudioVersion = 10.0.40219.1
Project("{FAE04EC0-301F-11D3-BF4B-00C04F79EFBC}") = "Caluv", "Caluv\Caluv.csproj", "{260107D3-56C1-4E4C-8C7F-14AFB96BF324}"
EndProject
Global
	GlobalSection(SolutionConfigurationPlatforms) = preSolution
		Debug|Any CPU = Debug|Any CPU
		Release|Any CPU = Release|Any CPU
	EndGlobalSection
	GlobalSection(ProjectConfigurationPlatforms) = postSolution
		{260107D3-56C1-4E4C-8C7F-14AFB96BF324}.Debug|Any CPU.ActiveCfg = Debug|Any CPU
		{260107D3-56C1-4E4C-8C7F-14AFB96BF324}.Debug|Any CPU.Build.0 = Debug|Any CPU
		{260107D3-56C1-4E4C-8C7F-14AFB96BF324}.Release|Any CPU.ActiveCfg = Release|Any CPU
		{260107D3-56C1-4E4C-8C7F-14AFB96BF324}.Release|Any CPU.Build.0 = Release|Any CPU
	EndGlobalSection
	GlobalSection(SolutionProperties) = preSolution
		HideSolutionNode = FALSE
	EndGlobalSection
	GlobalSection(ExtensibilityGlobals) = postSolution
		SolutionGuid = {45DC0BBD-6018-4D4B-9618-E91B96082800}
	EndGlobalSection
EndGlobal
